# This file is automatically @generated by Cargo.
# It is not intended for manual editing.
version = 4

[[package]]
name = "leanr-compat"
version = "0.1.0"

[[package]]
name = "leanr-core"
version = "0.1.0"

[[package]]
name = "leanr-elab"
version = "0.1.0"

[[package]]
name = "leanr-eval-lite"
version = "0.1.0"

[[package]]
name = "leanr-inductive"
version = "0.1.0"

[[package]]
name = "leanr-syntax"
version = "0.1.0"

[[package]]
name = "leanr-wasm"
version = "0.1.0"
